
Microsoft Visual Studio Solution File, Format Version 12.00
# Visual Studio Version 17
VisualStudioVersion = 17.7.34009.444
MinimumVisualStudioVersion = 10.0.40219.1
Project("{FAE04EC0-301F-11D3-BF4B-00C04F79EFBC}") = "MontyHall", "MontyHall.csproj", "{44DB9604-2181-4CED-B6A1-03B4AB3C9E11}"
EndProject
Global
	GlobalSection(SolutionConfigurationPlatforms) = preSolution
		Debug|Any CPU = Debug|Any CPU
		Release|Any CPU = Release|Any CPU
	EndGlobalSection
	GlobalSection(ProjectConfigurationPlatforms) = postSolution
		{44DB9604-2181-4CED-B6A1-03B4AB3C9E11}.Debug|Any CPU.ActiveCfg = Debug|Any CPU
		{44DB9604-2181-4CED-B6A1-03B4AB3C9E11}.Debug|Any CPU.Build.0 = Debug|Any CPU
		{44DB9604-2181-4CED-B6A1-03B4AB3C9E11}.Release|Any CPU.ActiveCfg = Release|Any CPU
		{44DB9604-2181-4CED-B6A1-03B4AB3C9E11}.Release|Any CPU.Build.0 = Release|Any CPU
	EndGlobalSection
	GlobalSection(SolutionProperties) = preSolution
		HideSolutionNode = FALSE
	EndGlobalSection
	GlobalSection(ExtensibilityGlobals) = postSolution
		SolutionGuid = {D81FD72C-21EA-40EB-9435-AF3B9052CD1A}
	EndGlobalSection
EndGlobal
